
Microsoft Visual Studio Solution File, Format Version 12.00
# Visual Studio Version 16
VisualStudioVersion = 16.0.29424.173
MinimumVisualStudioVersion = 10.0.40219.1
Project("{FAE04EC0-301F-11D3-BF4B-00C04F79EFBC}") = "TimePickerProject", "TimePickerProject.csproj", "{8C4E0C25-0ACB-4773-92EB-420836797DC6}"
EndProject
Global
	GlobalSection(SolutionConfigurationPlatforms) = preSolution
		Debug|Any CPU = Debug|Any CPU
		Release|Any CPU = Release|Any CPU
	EndGlobalSection
	GlobalSection(ProjectConfigurationPlatforms) = postSolution
		{8C4E0C25-0ACB-4773-92EB-420836797DC6}.Debug|Any CPU.ActiveCfg = Debug|Any CPU
		{8C4E0C25-0ACB-4773-92EB-420836797DC6}.Debug|Any CPU.Build.0 = Debug|Any CPU
		{8C4E0C25-0ACB-4773-92EB-420836797DC6}.Release|Any CPU.ActiveCfg = Release|Any CPU
		{8C4E0C25-0ACB-4773-92EB-420836797DC6}.Release|Any CPU.Build.0 = Release|Any CPU
	EndGlobalSection
	GlobalSection(SolutionProperties) = preSolution
		HideSolutionNode = FALSE
	EndGlobalSection
	GlobalSection(ExtensibilityGlobals) = postSolution
		SolutionGuid = {45098D05-6EBB-43F7-8DB7-B3DF87AA49EE}
	EndGlobalSection
EndGlobal
